<?xml version="1.0" encoding="UTF-8" standalone="yes" ?>
<CodeBlocks_project_file>
	<FileVersion major="1" minor="6" />
	<Project>
		<Option title="i2c485" />
		<Option makefile_is_custom="1" />
		<Option pch_mode="2" />
		<Option compiler="avrgcc" />
		<Build>
			<Target title="Release">
				<Option output="i2c485bin.elf" prefix_auto="1" extension_auto="0" />
				<Option object_output="C:\GIT\softstart\softstart\.objs" />
				<Option type="1" />
				<Option compiler="gcc" />
				<Compiler>
					<Add option="-Os" />
					<Add directory="C:\WinAVR-20100110\bin" />
				</Compiler>
				<ResourceCompiler>
					<Add directory="..\..\..\WinAVR-20100110\bin" />
				</ResourceCompiler>
			</Target>
		</Build>
		<Compiler>
			<Add option="-mmcu=attiny13" />
			<Add option="-Wall" />
			<Add option="-DF_CPU=1200000UL" />
		</Compiler>
		<Linker>
			<Add option="-mmcu=attiny13" />
			<Add option="-Wl,-Map=$(TARGET_OUTPUT_FILE).map,--cref" />
		</Linker>
		<ExtraCommands>
			<Add after="avr-size i2c485bin.hex" />
		</ExtraCommands>
		<Unit filename="Makefile" />
		<Unit filename="main.c">
			<Option compilerVar="CC" />
		</Unit>
		<Unit filename="uart.c">
			<Option compilerVar="CC" />
		</Unit>
		<Unit filename="uart.h" />
		<Extensions>
			<code_completion />
			<debugger />
		</Extensions>
	</Project>
</CodeBlocks_project_file>
